{
    "name": "@loupeteam/librarybuilderproject",
    "version": "0.2.0",
    "lockfileVersion": 3,
    "requires": true,
    "packages": {
        "": {
            "name": "@loupeteam/librarybuilderproject",
            "version": "0.2.0",
            "license": "MIT",
            "dependencies": {
                "@loupeteam/diriowrap": "^0.0.8",
                "@loupeteam/librarybuilderproject": "^0.3.0"
            }
        },
        "node_modules/@loupeteam/diriowrap": {
            "version": "0.0.8",
            "resolved": "https://npm.pkg.github.com/download/@loupeteam/diriowrap/0.0.8/ee64275e9bd767685a31a4c317d2ce40c5af7fb1",
            "integrity": "sha512-HrlV2RjzqHrx7tqI8KFWI99yNd1lysFjNDXkGCgSCSJWOruHm+0d02zjPXmPMlVpWmYmELNbzB4nZW5mZA5edQ==",
            "license": "Loupe Software License Agreement"
        },
        "node_modules/@loupeteam/librarybuilderproject": {
            "version": "0.3.0",
            "resolved": "https://npm.pkg.github.com/download/@loupeteam/librarybuilderproject/0.3.0/9c3c1fc98350439d618573f3b465d94e3ae1e000",
            "integrity": "sha512-kUOwhpPoqQ1DikLGFBH3c8+nsb28ayX2IpQRC0UaEg34cV4GrRoI0FvkSovc3tgrGohpyvxFPRy5C6TM5wj7JA==",
            "license": "MIT"
        }
    }
}
